
Microsoft Visual Studio Solution File, Format Version 12.00
# Visual Studio Version 17
VisualStudioVersion = 17.3.32804.467
MinimumVisualStudioVersion = 10.0.40219.1
Project("{FAE04EC0-301F-11D3-BF4B-00C04F79EFBC}") = "Hometask_8(DeliveryAddressBuilder)", "Hometask_8(DeliveryAddressBuilder)\Hometask_8(DeliveryAddressBuilder).csproj", "{A9FC5840-CFEB-43DE-9651-04D1CD22E9CE}"
EndProject
Global
	GlobalSection(SolutionConfigurationPlatforms) = preSolution
		Debug|Any CPU = Debug|Any CPU
		Release|Any CPU = Release|Any CPU
	EndGlobalSection
	GlobalSection(ProjectConfigurationPlatforms) = postSolution
		{A9FC5840-CFEB-43DE-9651-04D1CD22E9CE}.Debug|Any CPU.ActiveCfg = Debug|Any CPU
		{A9FC5840-CFEB-43DE-9651-04D1CD22E9CE}.Debug|Any CPU.Build.0 = Debug|Any CPU
		{A9FC5840-CFEB-43DE-9651-04D1CD22E9CE}.Release|Any CPU.ActiveCfg = Release|Any CPU
		{A9FC5840-CFEB-43DE-9651-04D1CD22E9CE}.Release|Any CPU.Build.0 = Release|Any CPU
	EndGlobalSection
	GlobalSection(SolutionProperties) = preSolution
		HideSolutionNode = FALSE
	EndGlobalSection
	GlobalSection(ExtensibilityGlobals) = postSolution
		SolutionGuid = {129D0DBC-BB93-4898-A89C-E9CE855E6B92}
	EndGlobalSection
EndGlobal
