
Microsoft Visual Studio Solution File, Format Version 12.00
# Visual Studio Version 17
VisualStudioVersion = 17.3.32804.467
MinimumVisualStudioVersion = 10.0.40219.1
Project("{FAE04EC0-301F-11D3-BF4B-00C04F79EFBC}") = "Hometask_2", "Hometask_2\Hometask_2.csproj", "{1A5D58A6-0CCE-43F5-8C8D-28558ACF0BF7}"
EndProject
Project("{FAE04EC0-301F-11D3-BF4B-00C04F79EFBC}") = "Hometask_2.Domain", "Hometask_2.Domain\Hometask_2.Domain.csproj", "{BE3F3DE3-8A39-4123-9EBE-98E872518B4A}"
EndProject
Global
	GlobalSection(SolutionConfigurationPlatforms) = preSolution
		Debug|Any CPU = Debug|Any CPU
		Release|Any CPU = Release|Any CPU
	EndGlobalSection
	GlobalSection(ProjectConfigurationPlatforms) = postSolution
		{1A5D58A6-0CCE-43F5-8C8D-28558ACF0BF7}.Debug|Any CPU.ActiveCfg = Debug|Any CPU
		{1A5D58A6-0CCE-43F5-8C8D-28558ACF0BF7}.Debug|Any CPU.Build.0 = Debug|Any CPU
		{1A5D58A6-0CCE-43F5-8C8D-28558ACF0BF7}.Release|Any CPU.ActiveCfg = Release|Any CPU
		{1A5D58A6-0CCE-43F5-8C8D-28558ACF0BF7}.Release|Any CPU.Build.0 = Release|Any CPU
		{BE3F3DE3-8A39-4123-9EBE-98E872518B4A}.Debug|Any CPU.ActiveCfg = Debug|Any CPU
		{BE3F3DE3-8A39-4123-9EBE-98E872518B4A}.Debug|Any CPU.Build.0 = Debug|Any CPU
		{BE3F3DE3-8A39-4123-9EBE-98E872518B4A}.Release|Any CPU.ActiveCfg = Release|Any CPU
		{BE3F3DE3-8A39-4123-9EBE-98E872518B4A}.Release|Any CPU.Build.0 = Release|Any CPU
	EndGlobalSection
	GlobalSection(SolutionProperties) = preSolution
		HideSolutionNode = FALSE
	EndGlobalSection
	GlobalSection(ExtensibilityGlobals) = postSolution
		SolutionGuid = {75002F35-90E9-46B9-880A-8CA9C12099C8}
	EndGlobalSection
EndGlobal
