
Microsoft Visual Studio Solution File, Format Version 12.00
# Visual Studio Version 17
VisualStudioVersion = 17.3.32804.467
MinimumVisualStudioVersion = 10.0.40219.1
Project("{FAE04EC0-301F-11D3-BF4B-00C04F79EFBC}") = "Hometask_2", "Hometask_2\Hometask_2.csproj", "{6108ABC3-6B1D-4436-9281-148F36E57145}"
EndProject
Global
	GlobalSection(SolutionConfigurationPlatforms) = preSolution
		Debug|Any CPU = Debug|Any CPU
		Release|Any CPU = Release|Any CPU
	EndGlobalSection
	GlobalSection(ProjectConfigurationPlatforms) = postSolution
		{6108ABC3-6B1D-4436-9281-148F36E57145}.Debug|Any CPU.ActiveCfg = Debug|Any CPU
		{6108ABC3-6B1D-4436-9281-148F36E57145}.Debug|Any CPU.Build.0 = Debug|Any CPU
		{6108ABC3-6B1D-4436-9281-148F36E57145}.Release|Any CPU.ActiveCfg = Release|Any CPU
		{6108ABC3-6B1D-4436-9281-148F36E57145}.Release|Any CPU.Build.0 = Release|Any CPU
	EndGlobalSection
	GlobalSection(SolutionProperties) = preSolution
		HideSolutionNode = FALSE
	EndGlobalSection
	GlobalSection(ExtensibilityGlobals) = postSolution
		SolutionGuid = {C0C4C58D-59DA-4DEC-9049-C2705F0F6C7F}
	EndGlobalSection
EndGlobal
