
Microsoft Visual Studio Solution File, Format Version 12.00
# Visual Studio Version 17
VisualStudioVersion = 17.3.32804.467
MinimumVisualStudioVersion = 10.0.40219.1
Project("{FAE04EC0-301F-11D3-BF4B-00C04F79EFBC}") = "Hometask_3", "Hometask_3\Hometask_3.csproj", "{B29EA7A8-EC1D-43DB-902F-8D261920D743}"
EndProject
Global
	GlobalSection(SolutionConfigurationPlatforms) = preSolution
		Debug|Any CPU = Debug|Any CPU
		Release|Any CPU = Release|Any CPU
	EndGlobalSection
	GlobalSection(ProjectConfigurationPlatforms) = postSolution
		{B29EA7A8-EC1D-43DB-902F-8D261920D743}.Debug|Any CPU.ActiveCfg = Debug|Any CPU
		{B29EA7A8-EC1D-43DB-902F-8D261920D743}.Debug|Any CPU.Build.0 = Debug|Any CPU
		{B29EA7A8-EC1D-43DB-902F-8D261920D743}.Release|Any CPU.ActiveCfg = Release|Any CPU
		{B29EA7A8-EC1D-43DB-902F-8D261920D743}.Release|Any CPU.Build.0 = Release|Any CPU
	EndGlobalSection
	GlobalSection(SolutionProperties) = preSolution
		HideSolutionNode = FALSE
	EndGlobalSection
	GlobalSection(ExtensibilityGlobals) = postSolution
		SolutionGuid = {890B0E38-C209-4826-A3D9-8B10493333B4}
	EndGlobalSection
EndGlobal
